Microsoft Visual Studio Solution File, Format Version 12.00
# Visual Studio Version 16
VisualStudioVersion = 16.0.30013.0
MinimumVisualStudioVersion = 10.0.40219.1
Project("{FAE04EC0-301F-11D3-BF4B-00C04F79EFBC}") = "HelloWorld", "HelloWorld\HelloWorld.csproj", "{GUID_FOR_HELLOWORLD_PROJECT}"
EndProject
Project("{FAE04EC0-301F-11D3-BF4B-00C04F79EFBC}") = "HelloWorld.Tests", "HelloWorld.Tests\HelloWorld.Tests.csproj", "{GUID_FOR_HELLOWORLD_TESTS_PROJECT}"
EndProject
Global
	GlobalSection(SolutionConfigurationPlatforms) = preSolution
		Debug|Any CPU = Debug|Any CPU
		Release|Any CPU = Release|Any CPU
	EndGlobalSection
	GlobalSection(ProjectConfigurationPlatforms) = postSolution
		{GUID_FOR_HELLOWORLD_PROJECT}.Debug|Any CPU.ActiveCfg = Debug|Any CPU
		{GUID_FOR_HELLOWORLD_PROJECT}.Debug|Any CPU.Build.0 = Debug|Any CPU
		{GUID_FOR_HELLOWORLD_PROJECT}.Release|Any CPU.ActiveCfg = Release|Any CPU
		{GUID_FOR_HELLOWORLD_PROJECT}.Release|Any CPU.Build.0 = Release|Any CPU
		{GUID_FOR_HELLOWORLD_TESTS_PROJECT}.Debug|Any CPU.ActiveCfg = Debug|Any CPU
		{GUID_FOR_HELLOWORLD_TESTS_PROJECT}.Debug|Any CPU.Build.0 = Debug|Any CPU
		{GUID_FOR_HELLOWORLD_TESTS_PROJECT}.Release|Any CPU.ActiveCfg = Release|Any CPU
		{GUID_FOR_HELLOWORLD_TESTS_PROJECT}.Release|Any CPU.Build.0 = Release|Any CPU
	EndGlobalSection
EndGlobal